
Microsoft Visual Studio Solution File, Format Version 12.00
# Visual Studio Version 17
VisualStudioVersion = 17.8.34322.80
MinimumVisualStudioVersion = 10.0.40219.1
Project("{FAE04EC0-301F-11D3-BF4B-00C04F79EFBC}") = "PayCalculator", "PayCalculator\PayCalculator.csproj", "{4414865D-88D6-40C8-A27F-194DDD5CF9D2}"
EndProject
Global
	GlobalSection(SolutionConfigurationPlatforms) = preSolution
		Debug|Any CPU = Debug|Any CPU
		Release|Any CPU = Release|Any CPU
	EndGlobalSection
	GlobalSection(ProjectConfigurationPlatforms) = postSolution
		{4414865D-88D6-40C8-A27F-194DDD5CF9D2}.Debug|Any CPU.ActiveCfg = Debug|Any CPU
		{4414865D-88D6-40C8-A27F-194DDD5CF9D2}.Debug|Any CPU.Build.0 = Debug|Any CPU
		{4414865D-88D6-40C8-A27F-194DDD5CF9D2}.Release|Any CPU.ActiveCfg = Release|Any CPU
		{4414865D-88D6-40C8-A27F-194DDD5CF9D2}.Release|Any CPU.Build.0 = Release|Any CPU
	EndGlobalSection
	GlobalSection(SolutionProperties) = preSolution
		HideSolutionNode = FALSE
	EndGlobalSection
	GlobalSection(ExtensibilityGlobals) = postSolution
		SolutionGuid = {E1E8B3EF-C661-49C8-901D-B02D874DAAFA}
	EndGlobalSection
EndGlobal
